
Microsoft Visual Studio Solution File, Format Version 12.00
# Visual Studio Version 17
VisualStudioVersion = 17.14.36310.24 d17.14
MinimumVisualStudioVersion = 10.0.40219.1
Project("{FAE04EC0-301F-11D3-BF4B-00C04F79EFBC}") = "LeetCode", "LeetCode\LeetCode.csproj", "{32A4190B-5803-451F-80F7-2A43F1D68292}"
EndProject
Global
	GlobalSection(SolutionConfigurationPlatforms) = preSolution
		Debug|Any CPU = Debug|Any CPU
		Release|Any CPU = Release|Any CPU
	EndGlobalSection
	GlobalSection(ProjectConfigurationPlatforms) = postSolution
		{32A4190B-5803-451F-80F7-2A43F1D68292}.Debug|Any CPU.ActiveCfg = Debug|Any CPU
		{32A4190B-5803-451F-80F7-2A43F1D68292}.Debug|Any CPU.Build.0 = Debug|Any CPU
		{32A4190B-5803-451F-80F7-2A43F1D68292}.Release|Any CPU.ActiveCfg = Release|Any CPU
		{32A4190B-5803-451F-80F7-2A43F1D68292}.Release|Any CPU.Build.0 = Release|Any CPU
	EndGlobalSection
	GlobalSection(SolutionProperties) = preSolution
		HideSolutionNode = FALSE
	EndGlobalSection
	GlobalSection(ExtensibilityGlobals) = postSolution
		SolutionGuid = {3A62F53A-6D4A-48ED-8C34-F68F22921F06}
	EndGlobalSection
EndGlobal
